{
  "name": "UI5_Tutorials",
  "version": "1.0.0",
  "lockfileVersion": 1,
  "requires": true,
  "dependencies": {
    "@openui5/sap.f": {
      "version": "1.61.2",
      "resolved": "http://nexus.wdf.sap.corp:8081/nexus/repository/build.milestones.npm/@openui5/sap.f/-/sap.f-1.61.2.tgz",
      "integrity": "sha512-fx5ucLgNgeFDejyVHf9Oyt5btRWF+FNrOD9EeEpiwXsKYWKXo6P5Fmj8BPfL4jVxIhra010rl/z/3yy5GP02tA==",
      "requires": {
        "@openui5/sap.m": "1.61.2",
        "@openui5/sap.ui.core": "1.61.2"
      }
    },
    "@openui5/sap.m": {
      "version": "1.61.2",
      "resolved": "http://nexus.wdf.sap.corp:8081/nexus/repository/build.milestones.npm/@openui5/sap.m/-/sap.m-1.61.2.tgz",
      "integrity": "sha512-Z/FtONNU1go+2SbyF3KHIsMy2DohzGeMi6SRvbv+FISzYIMWCMRM2e73S5TEKehRY6IaZ5+MmdDIGaEnGp3rvw==",
      "requires": {
        "@openui5/sap.ui.core": "1.61.2",
        "@openui5/sap.ui.unified": "1.61.2"
      }
    },
    "@openui5/sap.ui.core": {
      "version": "1.61.2",
      "resolved": "http://nexus.wdf.sap.corp:8081/nexus/repository/build.milestones.npm/@openui5/sap.ui.core/-/sap.ui.core-1.61.2.tgz",
      "integrity": "sha512-jNdpgfSOlS/c/k2UKdYB3SDXMSNCm0LxpYzWZI6Dh5sSurYZ2YKbMieQp8zphmk3EaNK5YLPjohDIDXi0AVpdA=="
    },
    "@openui5/sap.ui.layout": {
      "version": "1.61.2",
      "resolved": "http://nexus.wdf.sap.corp:8081/nexus/repository/build.milestones.npm/@openui5/sap.ui.layout/-/sap.ui.layout-1.61.2.tgz",
      "integrity": "sha512-T8tpqrTE1pU8t2xC2zGHfXw10KygXvIvGeoHvnDIzSEAC/m8VZCAnlT5JRh+zxrj7zR9iPzOVws2e77JSHyYIw==",
      "requires": {
        "@openui5/sap.ui.core": "1.61.2"
      }
    },
    "@openui5/sap.ui.unified": {
      "version": "1.61.2",
      "resolved": "http://nexus.wdf.sap.corp:8081/nexus/repository/build.milestones.npm/@openui5/sap.ui.unified/-/sap.ui.unified-1.61.2.tgz",
      "integrity": "sha512-UzdbF2K9x+mv1vBvo0oUFRDZ798PV/MbiGan4k3DpdR7gC4DOLhb+2cX35PpISgRu3Eu65mHrwZHMCO19E6Htg==",
      "requires": {
        "@openui5/sap.ui.core": "1.61.2"
      }
    },
    "@openui5/sap.uxap": {
      "version": "1.61.2",
      "resolved": "http://nexus.wdf.sap.corp:8081/nexus/repository/build.milestones.npm/@openui5/sap.uxap/-/sap.uxap-1.61.2.tgz",
      "integrity": "sha512-Hm3mHpw3LrgG36f5vtBcS03fD0AGEGeRLk3jbvs7juX6xHz3fTOIPT7LPA/AEbGXvP1st/EIfl2dy9yspXP/GA==",
      "requires": {
        "@openui5/sap.m": "1.61.2",
        "@openui5/sap.ui.core": "1.61.2",
        "@openui5/sap.ui.layout": "1.61.2"
      }
    },
    "@openui5/themelib_sap_belize": {
      "version": "1.61.2",
      "resolved": "http://nexus.wdf.sap.corp:8081/nexus/repository/build.milestones.npm/@openui5/themelib_sap_belize/-/themelib_sap_belize-1.61.2.tgz",
      "integrity": "sha512-H3CjVwtujTFOezkqzkR1dA9Rpxnz1mThnWxZ1AXbqKIp5a/xrSxEzU2Hwp8WqPic7Cg67vEVuu22hOYGen8u/w=="
    }
  }
}
